
Microsoft Visual Studio Solution File, Format Version 12.00
# Visual Studio Version 17
VisualStudioVersion = 17.7.34302.85
MinimumVisualStudioVersion = 10.0.40219.1
Project("{FAE04EC0-301F-11D3-BF4B-00C04F79EFBC}") = "Olympiad 3.0", "Olympiad 3.0\Olympiad 3.0.csproj", "{29765BE9-8442-4468-97EB-48936E323E05}"
EndProject
Global
	GlobalSection(SolutionConfigurationPlatforms) = preSolution
		Debug|Any CPU = Debug|Any CPU
		Release|Any CPU = Release|Any CPU
	EndGlobalSection
	GlobalSection(ProjectConfigurationPlatforms) = postSolution
		{29765BE9-8442-4468-97EB-48936E323E05}.Debug|Any CPU.ActiveCfg = Debug|Any CPU
		{29765BE9-8442-4468-97EB-48936E323E05}.Debug|Any CPU.Build.0 = Debug|Any CPU
		{29765BE9-8442-4468-97EB-48936E323E05}.Release|Any CPU.ActiveCfg = Release|Any CPU
		{29765BE9-8442-4468-97EB-48936E323E05}.Release|Any CPU.Build.0 = Release|Any CPU
	EndGlobalSection
	GlobalSection(SolutionProperties) = preSolution
		HideSolutionNode = FALSE
	EndGlobalSection
	GlobalSection(ExtensibilityGlobals) = postSolution
		SolutionGuid = {7BC9FE9A-6E00-4E3F-ADF3-050CC6280063}
	EndGlobalSection
EndGlobal
